
Microsoft Visual Studio Solution File, Format Version 12.00
Project("{FAE04EC0-301F-11D3-BF4B-00C04F79EFBC}") = "SortingBenchmark", "SortingBenchmark\SortingBenchmark.csproj", "{356EA770-D59F-4E84-8E60-B1D1158E689A}"
EndProject
Global
	GlobalSection(SolutionConfigurationPlatforms) = preSolution
		Debug|Any CPU = Debug|Any CPU
		Release|Any CPU = Release|Any CPU
	EndGlobalSection
	GlobalSection(ProjectConfigurationPlatforms) = postSolution
		{356EA770-D59F-4E84-8E60-B1D1158E689A}.Debug|Any CPU.ActiveCfg = Debug|Any CPU
		{356EA770-D59F-4E84-8E60-B1D1158E689A}.Debug|Any CPU.Build.0 = Debug|Any CPU
		{356EA770-D59F-4E84-8E60-B1D1158E689A}.Release|Any CPU.ActiveCfg = Release|Any CPU
		{356EA770-D59F-4E84-8E60-B1D1158E689A}.Release|Any CPU.Build.0 = Release|Any CPU
	EndGlobalSection
EndGlobal
